
Microsoft Visual Studio Solution File, Format Version 12.00
# Visual Studio Version 16
VisualStudioVersion = 16.0.31829.152
MinimumVisualStudioVersion = 10.0.40219.1
Project("{FAE04EC0-301F-11D3-BF4B-00C04F79EFBC}") = "Utilites", "Utilites\Utilites.csproj", "{6942CA8D-E3DB-4EF7-A35C-5D4EC92268D4}"
EndProject
Project("{FAE04EC0-301F-11D3-BF4B-00C04F79EFBC}") = "UserConrols", "UserConrols\UserConrols.csproj", "{30024BF4-56DC-4091-AF22-1F40A078DB80}"
EndProject
Project("{FAE04EC0-301F-11D3-BF4B-00C04F79EFBC}") = "UnitTests", "UnitTests\UnitTests.csproj", "{3E35A769-FFFF-423A-BAE7-5786715906AC}"
EndProject
Project("{2150E333-8FDC-42A3-9474-1A3956D46DE8}") = "Lesson 5 (Threading)", "Lesson 5 (Threading)", "{4A443FDF-784B-41BD-9CD4-076031677735}"
EndProject
Project("{9A19103F-16F7-4668-BE54-9A1E7A4F7556}") = "Listing00", "Listing00\Listing00.csproj", "{8610D627-5C44-4BC2-881E-9FA45D05CD72}"
EndProject
Project("{9A19103F-16F7-4668-BE54-9A1E7A4F7556}") = "Listing01", "Listing01\Listing01.csproj", "{0AB091BA-A35A-41AF-BEBF-90B3052D3419}"
EndProject
Project("{9A19103F-16F7-4668-BE54-9A1E7A4F7556}") = "Listing02", "Listing02\Listing02.csproj", "{EE77B2F0-39B5-47D6-8F94-7DC0EF35DCBC}"
EndProject
Project("{9A19103F-16F7-4668-BE54-9A1E7A4F7556}") = "Listing03", "Listing03\Listing03.csproj", "{35AE11ED-C6EF-4D81-8EB7-63461BDD3E3B}"
EndProject
Project("{9A19103F-16F7-4668-BE54-9A1E7A4F7556}") = "List04", "List04\List04.csproj", "{E6C91A5F-6297-492B-9509-72C1A413B994}"
EndProject
Project("{9A19103F-16F7-4668-BE54-9A1E7A4F7556}") = "Listing06", "Listing06\Listing06.csproj", "{3245EF11-E0C8-4C38-BB6A-990F30281697}"
EndProject
Project("{9A19103F-16F7-4668-BE54-9A1E7A4F7556}") = "Listing07", "Listing07\Listing07.csproj", "{923E63BA-4419-450D-BEAC-AF6F70A3AF54}"
EndProject
Project("{9A19103F-16F7-4668-BE54-9A1E7A4F7556}") = "Listing08", "Listing08\Listing08.csproj", "{53288640-CC5A-4028-B68B-3B71AE89F340}"
EndProject
Project("{9A19103F-16F7-4668-BE54-9A1E7A4F7556}") = "Listing13", "Listing13\Listing13.csproj", "{FD9FBF39-1FC3-4BF3-8D4A-6EC86C7A6B28}"
EndProject
Project("{9A19103F-16F7-4668-BE54-9A1E7A4F7556}") = "Listing14 (Semaphore)", "Listing14 (Semaphore)\Listing14 (Semaphore).csproj", "{E1199E1F-1364-4CAB-B6F4-CB6C1AB72EED}"
EndProject
Project("{9A19103F-16F7-4668-BE54-9A1E7A4F7556}") = "Listing17", "Listing17\Listing17.csproj", "{1928AFB3-A0F4-4097-973F-A33BE0768EEF}"
EndProject
Project("{9A19103F-16F7-4668-BE54-9A1E7A4F7556}") = "Listing16", "Listing16\Listing16.csproj", "{7A9FB7C6-48EB-40BB-9264-9D3700FA172F}"
EndProject
Project("{2150E333-8FDC-42A3-9474-1A3956D46DE8}") = "Lesson 6 (TPL)", "Lesson 6 (TPL)", "{A5A6C996-412F-401F-9DFC-BC2786FC6423}"
EndProject
Project("{FAE04EC0-301F-11D3-BF4B-00C04F79EFBC}") = "Listing 01", "Listing 01\Listing 01.csproj", "{439CFECD-BB56-4489-9818-449C7B899C61}"
EndProject
Project("{FAE04EC0-301F-11D3-BF4B-00C04F79EFBC}") = "Listing 02", "Listing 02\Listing 02.csproj", "{0D77819E-849E-4D3A-90F9-344EE4DEAB87}"
EndProject
Project("{FAE04EC0-301F-11D3-BF4B-00C04F79EFBC}") = "Listing 03", "Listing 03\Listing 03.csproj", "{4281DB2B-44E8-46DF-8BA5-F12CC38EA524}"
EndProject
Project("{FAE04EC0-301F-11D3-BF4B-00C04F79EFBC}") = "Listing 04", "Listing 04\Listing 04.csproj", "{7C9BA175-64E5-49F0-89C5-408B5AF0F5B4}"
EndProject
Project("{FAE04EC0-301F-11D3-BF4B-00C04F79EFBC}") = "Listing 05", "Listing 05\Listing 05.csproj", "{E43877D3-D615-4EDE-9ED1-38AA37A14D27}"
EndProject
Project("{FAE04EC0-301F-11D3-BF4B-00C04F79EFBC}") = "Listing 06", "Listing 06\Listing 06.csproj", "{5ADE18EB-579D-494F-B07A-C19BE9FC1026}"
EndProject
Project("{FAE04EC0-301F-11D3-BF4B-00C04F79EFBC}") = "Listing 07", "Listing 07\Listing 07.csproj", "{267348FC-6A23-4A4A-B2E2-28C6EC0858D4}"
EndProject
Project("{FAE04EC0-301F-11D3-BF4B-00C04F79EFBC}") = "Listing 08", "Listing 08\Listing 08.csproj", "{AF9F7032-FF45-4068-A494-5FA7C01F18A7}"
EndProject
Project("{FAE04EC0-301F-11D3-BF4B-00C04F79EFBC}") = "EGE17_TaskParallelFor", "EGE17_TaskParallelFor\EGE17_TaskParallelFor.csproj", "{B8DF4389-C02A-4272-81D2-B4F1EBD0A303}"
EndProject
Project("{FAE04EC0-301F-11D3-BF4B-00C04F79EFBC}") = "Lstring 011", "Lstring 011\Lstring 011.csproj", "{04305A77-F84E-497D-892C-A7399DD9978D}"
EndProject
Project("{FAE04EC0-301F-11D3-BF4B-00C04F79EFBC}") = "Listing 13", "Listing 13\Listing 13.csproj", "{127BBAD9-A15F-48D7-A216-1DB22BA6720E}"
EndProject
Project("{FAE04EC0-301F-11D3-BF4B-00C04F79EFBC}") = "Listing 014", "Listing 014\Listing 014.csproj", "{763B5D06-AE23-4D2A-A2C2-61DE71C04CF4}"
EndProject
Project("{FAE04EC0-301F-11D3-BF4B-00C04F79EFBC}") = "Listing 010", "Listing 010\Listing 010.csproj", "{C7268B4B-8357-4BB9-86C8-0E6C4E1EF190}"
EndProject
Project("{FAE04EC0-301F-11D3-BF4B-00C04F79EFBC}") = "PLINQ", "PLINQ\PLINQ.csproj", "{0426C6B7-DA79-486F-B013-FF56D09E2451}"
EndProject
Project("{FAE04EC0-301F-11D3-BF4B-00C04F79EFBC}") = "Listing 015", "Listing 015\Listing 015.csproj", "{AE182755-1957-41A4-AD38-51705D733409}"
EndProject
Project("{FAE04EC0-301F-11D3-BF4B-00C04F79EFBC}") = "WPF_With_Async", "WPF_With_Async\WPF_With_Async.csproj", "{116ED748-2B5C-48AA-B38E-36E6A47BC898}"
EndProject
Global
	GlobalSection(SolutionConfigurationPlatforms) = preSolution
		Debug|Any CPU = Debug|Any CPU
		Release|Any CPU = Release|Any CPU
	EndGlobalSection
	GlobalSection(ProjectConfigurationPlatforms) = postSolution
		{6942CA8D-E3DB-4EF7-A35C-5D4EC92268D4}.Debug|Any CPU.ActiveCfg = Debug|Any CPU
		{6942CA8D-E3DB-4EF7-A35C-5D4EC92268D4}.Debug|Any CPU.Build.0 = Debug|Any CPU
		{6942CA8D-E3DB-4EF7-A35C-5D4EC92268D4}.Release|Any CPU.ActiveCfg = Release|Any CPU
		{6942CA8D-E3DB-4EF7-A35C-5D4EC92268D4}.Release|Any CPU.Build.0 = Release|Any CPU
		{30024BF4-56DC-4091-AF22-1F40A078DB80}.Debug|Any CPU.ActiveCfg = Debug|Any CPU
		{30024BF4-56DC-4091-AF22-1F40A078DB80}.Debug|Any CPU.Build.0 = Debug|Any CPU
		{30024BF4-56DC-4091-AF22-1F40A078DB80}.Release|Any CPU.ActiveCfg = Release|Any CPU
		{30024BF4-56DC-4091-AF22-1F40A078DB80}.Release|Any CPU.Build.0 = Release|Any CPU
		{3E35A769-FFFF-423A-BAE7-5786715906AC}.Debug|Any CPU.ActiveCfg = Debug|Any CPU
		{3E35A769-FFFF-423A-BAE7-5786715906AC}.Debug|Any CPU.Build.0 = Debug|Any CPU
		{3E35A769-FFFF-423A-BAE7-5786715906AC}.Release|Any CPU.ActiveCfg = Release|Any CPU
		{3E35A769-FFFF-423A-BAE7-5786715906AC}.Release|Any CPU.Build.0 = Release|Any CPU
		{8610D627-5C44-4BC2-881E-9FA45D05CD72}.Debug|Any CPU.ActiveCfg = Debug|Any CPU
		{8610D627-5C44-4BC2-881E-9FA45D05CD72}.Debug|Any CPU.Build.0 = Debug|Any CPU
		{8610D627-5C44-4BC2-881E-9FA45D05CD72}.Release|Any CPU.ActiveCfg = Release|Any CPU
		{8610D627-5C44-4BC2-881E-9FA45D05CD72}.Release|Any CPU.Build.0 = Release|Any CPU
		{0AB091BA-A35A-41AF-BEBF-90B3052D3419}.Debug|Any CPU.ActiveCfg = Debug|Any CPU
		{0AB091BA-A35A-41AF-BEBF-90B3052D3419}.Debug|Any CPU.Build.0 = Debug|Any CPU
		{0AB091BA-A35A-41AF-BEBF-90B3052D3419}.Release|Any CPU.ActiveCfg = Release|Any CPU
		{0AB091BA-A35A-41AF-BEBF-90B3052D3419}.Release|Any CPU.Build.0 = Release|Any CPU
		{EE77B2F0-39B5-47D6-8F94-7DC0EF35DCBC}.Debug|Any CPU.ActiveCfg = Debug|Any CPU
		{EE77B2F0-39B5-47D6-8F94-7DC0EF35DCBC}.Debug|Any CPU.Build.0 = Debug|Any CPU
		{EE77B2F0-39B5-47D6-8F94-7DC0EF35DCBC}.Release|Any CPU.ActiveCfg = Release|Any CPU
		{EE77B2F0-39B5-47D6-8F94-7DC0EF35DCBC}.Release|Any CPU.Build.0 = Release|Any CPU
		{35AE11ED-C6EF-4D81-8EB7-63461BDD3E3B}.Debug|Any CPU.ActiveCfg = Debug|Any CPU
		{35AE11ED-C6EF-4D81-8EB7-63461BDD3E3B}.Debug|Any CPU.Build.0 = Debug|Any CPU
		{35AE11ED-C6EF-4D81-8EB7-63461BDD3E3B}.Release|Any CPU.ActiveCfg = Release|Any CPU
		{35AE11ED-C6EF-4D81-8EB7-63461BDD3E3B}.Release|Any CPU.Build.0 = Release|Any CPU
		{E6C91A5F-6297-492B-9509-72C1A413B994}.Debug|Any CPU.ActiveCfg = Debug|Any CPU
		{E6C91A5F-6297-492B-9509-72C1A413B994}.Debug|Any CPU.Build.0 = Debug|Any CPU
		{E6C91A5F-6297-492B-9509-72C1A413B994}.Release|Any CPU.ActiveCfg = Release|Any CPU
		{E6C91A5F-6297-492B-9509-72C1A413B994}.Release|Any CPU.Build.0 = Release|Any CPU
		{3245EF11-E0C8-4C38-BB6A-990F30281697}.Debug|Any CPU.ActiveCfg = Debug|Any CPU
		{3245EF11-E0C8-4C38-BB6A-990F30281697}.Debug|Any CPU.Build.0 = Debug|Any CPU
		{3245EF11-E0C8-4C38-BB6A-990F30281697}.Release|Any CPU.ActiveCfg = Release|Any CPU
		{3245EF11-E0C8-4C38-BB6A-990F30281697}.Release|Any CPU.Build.0 = Release|Any CPU
		{923E63BA-4419-450D-BEAC-AF6F70A3AF54}.Debug|Any CPU.ActiveCfg = Debug|Any CPU
		{923E63BA-4419-450D-BEAC-AF6F70A3AF54}.Debug|Any CPU.Build.0 = Debug|Any CPU
		{923E63BA-4419-450D-BEAC-AF6F70A3AF54}.Release|Any CPU.ActiveCfg = Release|Any CPU
		{923E63BA-4419-450D-BEAC-AF6F70A3AF54}.Release|Any CPU.Build.0 = Release|Any CPU
		{53288640-CC5A-4028-B68B-3B71AE89F340}.Debug|Any CPU.ActiveCfg = Debug|Any CPU
		{53288640-CC5A-4028-B68B-3B71AE89F340}.Debug|Any CPU.Build.0 = Debug|Any CPU
		{53288640-CC5A-4028-B68B-3B71AE89F340}.Release|Any CPU.ActiveCfg = Release|Any CPU
		{53288640-CC5A-4028-B68B-3B71AE89F340}.Release|Any CPU.Build.0 = Release|Any CPU
		{FD9FBF39-1FC3-4BF3-8D4A-6EC86C7A6B28}.Debug|Any CPU.ActiveCfg = Debug|Any CPU
		{FD9FBF39-1FC3-4BF3-8D4A-6EC86C7A6B28}.Debug|Any CPU.Build.0 = Debug|Any CPU
		{FD9FBF39-1FC3-4BF3-8D4A-6EC86C7A6B28}.Release|Any CPU.ActiveCfg = Release|Any CPU
		{FD9FBF39-1FC3-4BF3-8D4A-6EC86C7A6B28}.Release|Any CPU.Build.0 = Release|Any CPU
		{E1199E1F-1364-4CAB-B6F4-CB6C1AB72EED}.Debug|Any CPU.ActiveCfg = Debug|Any CPU
		{E1199E1F-1364-4CAB-B6F4-CB6C1AB72EED}.Debug|Any CPU.Build.0 = Debug|Any CPU
		{E1199E1F-1364-4CAB-B6F4-CB6C1AB72EED}.Release|Any CPU.ActiveCfg = Release|Any CPU
		{E1199E1F-1364-4CAB-B6F4-CB6C1AB72EED}.Release|Any CPU.Build.0 = Release|Any CPU
		{1928AFB3-A0F4-4097-973F-A33BE0768EEF}.Debug|Any CPU.ActiveCfg = Debug|Any CPU
		{1928AFB3-A0F4-4097-973F-A33BE0768EEF}.Debug|Any CPU.Build.0 = Debug|Any CPU
		{1928AFB3-A0F4-4097-973F-A33BE0768EEF}.Release|Any CPU.ActiveCfg = Release|Any CPU
		{1928AFB3-A0F4-4097-973F-A33BE0768EEF}.Release|Any CPU.Build.0 = Release|Any CPU
		{7A9FB7C6-48EB-40BB-9264-9D3700FA172F}.Debug|Any CPU.ActiveCfg = Debug|Any CPU
		{7A9FB7C6-48EB-40BB-9264-9D3700FA172F}.Debug|Any CPU.Build.0 = Debug|Any CPU
		{7A9FB7C6-48EB-40BB-9264-9D3700FA172F}.Release|Any CPU.ActiveCfg = Release|Any CPU
		{7A9FB7C6-48EB-40BB-9264-9D3700FA172F}.Release|Any CPU.Build.0 = Release|Any CPU
		{439CFECD-BB56-4489-9818-449C7B899C61}.Debug|Any CPU.ActiveCfg = Debug|Any CPU
		{439CFECD-BB56-4489-9818-449C7B899C61}.Debug|Any CPU.Build.0 = Debug|Any CPU
		{439CFECD-BB56-4489-9818-449C7B899C61}.Release|Any CPU.ActiveCfg = Release|Any CPU
		{439CFECD-BB56-4489-9818-449C7B899C61}.Release|Any CPU.Build.0 = Release|Any CPU
		{0D77819E-849E-4D3A-90F9-344EE4DEAB87}.Debug|Any CPU.ActiveCfg = Debug|Any CPU
		{0D77819E-849E-4D3A-90F9-344EE4DEAB87}.Debug|Any CPU.Build.0 = Debug|Any CPU
		{0D77819E-849E-4D3A-90F9-344EE4DEAB87}.Release|Any CPU.ActiveCfg = Release|Any CPU
		{0D77819E-849E-4D3A-90F9-344EE4DEAB87}.Release|Any CPU.Build.0 = Release|Any CPU
		{4281DB2B-44E8-46DF-8BA5-F12CC38EA524}.Debug|Any CPU.ActiveCfg = Debug|Any CPU
		{4281DB2B-44E8-46DF-8BA5-F12CC38EA524}.Debug|Any CPU.Build.0 = Debug|Any CPU
		{4281DB2B-44E8-46DF-8BA5-F12CC38EA524}.Release|Any CPU.ActiveCfg = Release|Any CPU
		{4281DB2B-44E8-46DF-8BA5-F12CC38EA524}.Release|Any CPU.Build.0 = Release|Any CPU
		{7C9BA175-64E5-49F0-89C5-408B5AF0F5B4}.Debug|Any CPU.ActiveCfg = Debug|Any CPU
		{7C9BA175-64E5-49F0-89C5-408B5AF0F5B4}.Debug|Any CPU.Build.0 = Debug|Any CPU
		{7C9BA175-64E5-49F0-89C5-408B5AF0F5B4}.Release|Any CPU.ActiveCfg = Release|Any CPU
		{7C9BA175-64E5-49F0-89C5-408B5AF0F5B4}.Release|Any CPU.Build.0 = Release|Any CPU
		{E43877D3-D615-4EDE-9ED1-38AA37A14D27}.Debug|Any CPU.ActiveCfg = Debug|Any CPU
		{E43877D3-D615-4EDE-9ED1-38AA37A14D27}.Debug|Any CPU.Build.0 = Debug|Any CPU
		{E43877D3-D615-4EDE-9ED1-38AA37A14D27}.Release|Any CPU.ActiveCfg = Release|Any CPU
		{E43877D3-D615-4EDE-9ED1-38AA37A14D27}.Release|Any CPU.Build.0 = Release|Any CPU
		{5ADE18EB-579D-494F-B07A-C19BE9FC1026}.Debug|Any CPU.ActiveCfg = Debug|Any CPU
		{5ADE18EB-579D-494F-B07A-C19BE9FC1026}.Debug|Any CPU.Build.0 = Debug|Any CPU
		{5ADE18EB-579D-494F-B07A-C19BE9FC1026}.Release|Any CPU.ActiveCfg = Release|Any CPU
		{5ADE18EB-579D-494F-B07A-C19BE9FC1026}.Release|Any CPU.Build.0 = Release|Any CPU
		{267348FC-6A23-4A4A-B2E2-28C6EC0858D4}.Debug|Any CPU.ActiveCfg = Debug|Any CPU
		{267348FC-6A23-4A4A-B2E2-28C6EC0858D4}.Debug|Any CPU.Build.0 = Debug|Any CPU
		{267348FC-6A23-4A4A-B2E2-28C6EC0858D4}.Release|Any CPU.ActiveCfg = Release|Any CPU
		{267348FC-6A23-4A4A-B2E2-28C6EC0858D4}.Release|Any CPU.Build.0 = Release|Any CPU
		{AF9F7032-FF45-4068-A494-5FA7C01F18A7}.Debug|Any CPU.ActiveCfg = Debug|Any CPU
		{AF9F7032-FF45-4068-A494-5FA7C01F18A7}.Debug|Any CPU.Build.0 = Debug|Any CPU
		{AF9F7032-FF45-4068-A494-5FA7C01F18A7}.Release|Any CPU.ActiveCfg = Release|Any CPU
		{AF9F7032-FF45-4068-A494-5FA7C01F18A7}.Release|Any CPU.Build.0 = Release|Any CPU
		{B8DF4389-C02A-4272-81D2-B4F1EBD0A303}.Debug|Any CPU.ActiveCfg = Debug|Any CPU
		{B8DF4389-C02A-4272-81D2-B4F1EBD0A303}.Debug|Any CPU.Build.0 = Debug|Any CPU
		{B8DF4389-C02A-4272-81D2-B4F1EBD0A303}.Release|Any CPU.ActiveCfg = Release|Any CPU
		{B8DF4389-C02A-4272-81D2-B4F1EBD0A303}.Release|Any CPU.Build.0 = Release|Any CPU
		{04305A77-F84E-497D-892C-A7399DD9978D}.Debug|Any CPU.ActiveCfg = Debug|Any CPU
		{04305A77-F84E-497D-892C-A7399DD9978D}.Debug|Any CPU.Build.0 = Debug|Any CPU
		{04305A77-F84E-497D-892C-A7399DD9978D}.Release|Any CPU.ActiveCfg = Release|Any CPU
		{04305A77-F84E-497D-892C-A7399DD9978D}.Release|Any CPU.Build.0 = Release|Any CPU
		{127BBAD9-A15F-48D7-A216-1DB22BA6720E}.Debug|Any CPU.ActiveCfg = Debug|Any CPU
		{127BBAD9-A15F-48D7-A216-1DB22BA6720E}.Debug|Any CPU.Build.0 = Debug|Any CPU
		{127BBAD9-A15F-48D7-A216-1DB22BA6720E}.Release|Any CPU.ActiveCfg = Release|Any CPU
		{127BBAD9-A15F-48D7-A216-1DB22BA6720E}.Release|Any CPU.Build.0 = Release|Any CPU
		{763B5D06-AE23-4D2A-A2C2-61DE71C04CF4}.Debug|Any CPU.ActiveCfg = Debug|Any CPU
		{763B5D06-AE23-4D2A-A2C2-61DE71C04CF4}.Debug|Any CPU.Build.0 = Debug|Any CPU
		{763B5D06-AE23-4D2A-A2C2-61DE71C04CF4}.Release|Any CPU.ActiveCfg = Release|Any CPU
		{763B5D06-AE23-4D2A-A2C2-61DE71C04CF4}.Release|Any CPU.Build.0 = Release|Any CPU
		{C7268B4B-8357-4BB9-86C8-0E6C4E1EF190}.Debug|Any CPU.ActiveCfg = Debug|Any CPU
		{C7268B4B-8357-4BB9-86C8-0E6C4E1EF190}.Debug|Any CPU.Build.0 = Debug|Any CPU
		{C7268B4B-8357-4BB9-86C8-0E6C4E1EF190}.Release|Any CPU.ActiveCfg = Release|Any CPU
		{C7268B4B-8357-4BB9-86C8-0E6C4E1EF190}.Release|Any CPU.Build.0 = Release|Any CPU
		{0426C6B7-DA79-486F-B013-FF56D09E2451}.Debug|Any CPU.ActiveCfg = Debug|Any CPU
		{0426C6B7-DA79-486F-B013-FF56D09E2451}.Debug|Any CPU.Build.0 = Debug|Any CPU
		{0426C6B7-DA79-486F-B013-FF56D09E2451}.Release|Any CPU.ActiveCfg = Release|Any CPU
		{0426C6B7-DA79-486F-B013-FF56D09E2451}.Release|Any CPU.Build.0 = Release|Any CPU
		{AE182755-1957-41A4-AD38-51705D733409}.Debug|Any CPU.ActiveCfg = Debug|Any CPU
		{AE182755-1957-41A4-AD38-51705D733409}.Debug|Any CPU.Build.0 = Debug|Any CPU
		{AE182755-1957-41A4-AD38-51705D733409}.Release|Any CPU.ActiveCfg = Release|Any CPU
		{AE182755-1957-41A4-AD38-51705D733409}.Release|Any CPU.Build.0 = Release|Any CPU
		{116ED748-2B5C-48AA-B38E-36E6A47BC898}.Debug|Any CPU.ActiveCfg = Debug|Any CPU
		{116ED748-2B5C-48AA-B38E-36E6A47BC898}.Debug|Any CPU.Build.0 = Debug|Any CPU
		{116ED748-2B5C-48AA-B38E-36E6A47BC898}.Release|Any CPU.ActiveCfg = Release|Any CPU
		{116ED748-2B5C-48AA-B38E-36E6A47BC898}.Release|Any CPU.Build.0 = Release|Any CPU
	EndGlobalSection
	GlobalSection(SolutionProperties) = preSolution
		HideSolutionNode = FALSE
	EndGlobalSection
	GlobalSection(NestedProjects) = preSolution
		{8610D627-5C44-4BC2-881E-9FA45D05CD72} = {4A443FDF-784B-41BD-9CD4-076031677735}
		{0AB091BA-A35A-41AF-BEBF-90B3052D3419} = {4A443FDF-784B-41BD-9CD4-076031677735}
		{EE77B2F0-39B5-47D6-8F94-7DC0EF35DCBC} = {4A443FDF-784B-41BD-9CD4-076031677735}
		{35AE11ED-C6EF-4D81-8EB7-63461BDD3E3B} = {4A443FDF-784B-41BD-9CD4-076031677735}
		{E6C91A5F-6297-492B-9509-72C1A413B994} = {4A443FDF-784B-41BD-9CD4-076031677735}
		{3245EF11-E0C8-4C38-BB6A-990F30281697} = {4A443FDF-784B-41BD-9CD4-076031677735}
		{923E63BA-4419-450D-BEAC-AF6F70A3AF54} = {4A443FDF-784B-41BD-9CD4-076031677735}
		{53288640-CC5A-4028-B68B-3B71AE89F340} = {4A443FDF-784B-41BD-9CD4-076031677735}
		{FD9FBF39-1FC3-4BF3-8D4A-6EC86C7A6B28} = {4A443FDF-784B-41BD-9CD4-076031677735}
		{E1199E1F-1364-4CAB-B6F4-CB6C1AB72EED} = {4A443FDF-784B-41BD-9CD4-076031677735}
		{1928AFB3-A0F4-4097-973F-A33BE0768EEF} = {4A443FDF-784B-41BD-9CD4-076031677735}
		{7A9FB7C6-48EB-40BB-9264-9D3700FA172F} = {4A443FDF-784B-41BD-9CD4-076031677735}
		{439CFECD-BB56-4489-9818-449C7B899C61} = {A5A6C996-412F-401F-9DFC-BC2786FC6423}
		{0D77819E-849E-4D3A-90F9-344EE4DEAB87} = {A5A6C996-412F-401F-9DFC-BC2786FC6423}
		{4281DB2B-44E8-46DF-8BA5-F12CC38EA524} = {A5A6C996-412F-401F-9DFC-BC2786FC6423}
		{7C9BA175-64E5-49F0-89C5-408B5AF0F5B4} = {A5A6C996-412F-401F-9DFC-BC2786FC6423}
		{E43877D3-D615-4EDE-9ED1-38AA37A14D27} = {A5A6C996-412F-401F-9DFC-BC2786FC6423}
		{5ADE18EB-579D-494F-B07A-C19BE9FC1026} = {A5A6C996-412F-401F-9DFC-BC2786FC6423}
		{267348FC-6A23-4A4A-B2E2-28C6EC0858D4} = {A5A6C996-412F-401F-9DFC-BC2786FC6423}
		{AF9F7032-FF45-4068-A494-5FA7C01F18A7} = {A5A6C996-412F-401F-9DFC-BC2786FC6423}
		{B8DF4389-C02A-4272-81D2-B4F1EBD0A303} = {A5A6C996-412F-401F-9DFC-BC2786FC6423}
		{04305A77-F84E-497D-892C-A7399DD9978D} = {A5A6C996-412F-401F-9DFC-BC2786FC6423}
		{127BBAD9-A15F-48D7-A216-1DB22BA6720E} = {A5A6C996-412F-401F-9DFC-BC2786FC6423}
		{763B5D06-AE23-4D2A-A2C2-61DE71C04CF4} = {A5A6C996-412F-401F-9DFC-BC2786FC6423}
		{C7268B4B-8357-4BB9-86C8-0E6C4E1EF190} = {A5A6C996-412F-401F-9DFC-BC2786FC6423}
		{0426C6B7-DA79-486F-B013-FF56D09E2451} = {A5A6C996-412F-401F-9DFC-BC2786FC6423}
		{AE182755-1957-41A4-AD38-51705D733409} = {A5A6C996-412F-401F-9DFC-BC2786FC6423}
		{116ED748-2B5C-48AA-B38E-36E6A47BC898} = {A5A6C996-412F-401F-9DFC-BC2786FC6423}
	EndGlobalSection
	GlobalSection(ExtensibilityGlobals) = postSolution
		SolutionGuid = {D7859A4E-DFBE-4E67-BA27-0229ED929CE9}
	EndGlobalSection
EndGlobal
